PODS:
  - Realm (10.7.1):
    - Realm/Headers (= 10.7.1)
  - Realm/Headers (10.7.1)
  - RealmSwift (10.7.1):
    - Realm (= 10.7.1)
  - SwipeCellKit (2.7.1)

DEPENDENCIES:
  - RealmSwift
  - SwipeCellKit

SPEC REPOS:
  trunk:
    - Realm
    - RealmSwift
    - SwipeCellKit

SPEC CHECKSUMS:
  Realm: 55bae3a2f42186360b54fd8783e884ae8656ab05
  RealmSwift: 0d9bb38ad2cb953fc61d6827be5611972a75ca31
  SwipeCellKit: 3972254a826da74609926daf59b08d6c72e619ea

PODFILE CHECKSUM: d021cddb1cc3823cd4142b853b35fec9425a9a1c

COCOAPODS: 1.10.1
